
Microsoft Visual Studio Solution File, Format Version 12.00
# Visual Studio Version 17
VisualStudioVersion = 17.9.34728.123
MinimumVisualStudioVersion = 10.0.40219.1
Project("{FAE04EC0-301F-11D3-BF4B-00C04F79EFBC}") = "WorkDemoElevator", "WorkDemoElevator\WorkDemoElevator.csproj", "{7325DF0A-0F43-466D-9F12-361CE6F73C0D}"
EndProject
Global
	GlobalSection(SolutionConfigurationPlatforms) = preSolution
		Debug|Any CPU = Debug|Any CPU
		Release|Any CPU = Release|Any CPU
	EndGlobalSection
	GlobalSection(ProjectConfigurationPlatforms) = postSolution
		{7325DF0A-0F43-466D-9F12-361CE6F73C0D}.Debug|Any CPU.ActiveCfg = Debug|Any CPU
		{7325DF0A-0F43-466D-9F12-361CE6F73C0D}.Debug|Any CPU.Build.0 = Debug|Any CPU
		{7325DF0A-0F43-466D-9F12-361CE6F73C0D}.Release|Any CPU.ActiveCfg = Release|Any CPU
		{7325DF0A-0F43-466D-9F12-361CE6F73C0D}.Release|Any CPU.Build.0 = Release|Any CPU
	EndGlobalSection
	GlobalSection(SolutionProperties) = preSolution
		HideSolutionNode = FALSE
	EndGlobalSection
	GlobalSection(ExtensibilityGlobals) = postSolution
		SolutionGuid = {37E16190-3FCE-4C9F-AC9B-B9DFD7B7DD8F}
	EndGlobalSection
EndGlobal
